
Microsoft Visual Studio Solution File, Format Version 12.00
Project("{FAE04EC0-301F-11D3-BF4B-00C04F79EFBC}") = "HelloLatest", "HelloLatest\HelloLatest.csproj", "{A57F3E6D-A272-4FE5-9FBA-8E3F819E4190}"
EndProject
Global
	GlobalSection(SolutionConfigurationPlatforms) = preSolution
		Debug|Any CPU = Debug|Any CPU
		Release|Any CPU = Release|Any CPU
	EndGlobalSection
	GlobalSection(ProjectConfigurationPlatforms) = postSolution
		{A57F3E6D-A272-4FE5-9FBA-8E3F819E4190}.Debug|Any CPU.ActiveCfg = Debug|Any CPU
		{A57F3E6D-A272-4FE5-9FBA-8E3F819E4190}.Debug|Any CPU.Build.0 = Debug|Any CPU
		{A57F3E6D-A272-4FE5-9FBA-8E3F819E4190}.Release|Any CPU.ActiveCfg = Release|Any CPU
		{A57F3E6D-A272-4FE5-9FBA-8E3F819E4190}.Release|Any CPU.Build.0 = Release|Any CPU
	EndGlobalSection
EndGlobal
